{
  "requires": true,
  "lockfileVersion": 1,
  "dependencies": {
    "@fortawesome/fontawesome-common-types": {
      "version": "0.2.27",
      "resolved": "https://registry.npmjs.org/@fortawesome/fontawesome-common-types/-/fontawesome-common-types-0.2.27.tgz",
      "integrity": "sha512-97GaByGaXDGMkzcJX7VmR/jRJd8h1mfhtA7RsxDBN61GnWE/PPCZhOdwG/8OZYktiRUF0CvFOr+VgRkJrt6TWg=="
    },
    "@fortawesome/fontawesome-svg-core": {
      "version": "1.2.27",
      "resolved": "https://registry.npmjs.org/@fortawesome/fontawesome-svg-core/-/fontawesome-svg-core-1.2.27.tgz",
      "integrity": "sha512-sOD3DKynocnHYpuw2sLPnTunDj7rLk91LYhi2axUYwuGe9cPCw7Bsu9EWtVdNJP+IYgTCZIbyARKXuy5K/nv+Q==",
      "requires": {
        "@fortawesome/fontawesome-common-types": "^0.2.27"
      }
    },
    "@fortawesome/free-solid-svg-icons": {
      "version": "5.12.1",
      "resolved": "https://registry.npmjs.org/@fortawesome/free-solid-svg-icons/-/free-solid-svg-icons-5.12.1.tgz",
      "integrity": "sha512-k3MwRFFUhyL4cuCJSaHDA0YNYMELDXX0h8JKtWYxO5XD3Dn+maXOMrVAAiNGooUyM2v/wz/TOaM0jxYVKeXX7g==",
      "requires": {
        "@fortawesome/fontawesome-common-types": "^0.2.27"
      }
    }
  }
}
